
Microsoft Visual Studio Solution File, Format Version 12.00
# Visual Studio Version 17
VisualStudioVersion = 17.11.35327.3
MinimumVisualStudioVersion = 10.0.40219.1
Project("{FAE04EC0-301F-11D3-BF4B-00C04F79EFBC}") = "Messaging.Kafka.Api", "Messaging.Kafka.Api\Messaging.Kafka.Api.csproj", "{4ED38CD7-806E-4B15-A140-39FA431EA84D}"
EndProject
Project("{FAE04EC0-301F-11D3-BF4B-00C04F79EFBC}") = "Messaging.Kafka.Domain", "Messaging.Kafka.Domain\Messaging.Kafka.Domain.csproj", "{DD9F0134-F857-4EED-A215-CAE31E74FBD9}"
EndProject
Project("{FAE04EC0-301F-11D3-BF4B-00C04F79EFBC}") = "Messaging.Kafka.Infrastructure", "Messaging.Kafka.Infrastructure\Messaging.Kafka.Infrastructure.csproj", "{54AE3049-E96D-4670-BF6A-47883375A42D}"
EndProject
Global
	GlobalSection(SolutionConfigurationPlatforms) = preSolution
		Debug|Any CPU = Debug|Any CPU
		Release|Any CPU = Release|Any CPU
	EndGlobalSection
	GlobalSection(ProjectConfigurationPlatforms) = postSolution
		{4ED38CD7-806E-4B15-A140-39FA431EA84D}.Debug|Any CPU.ActiveCfg = Debug|Any CPU
		{4ED38CD7-806E-4B15-A140-39FA431EA84D}.Debug|Any CPU.Build.0 = Debug|Any CPU
		{4ED38CD7-806E-4B15-A140-39FA431EA84D}.Release|Any CPU.ActiveCfg = Release|Any CPU
		{4ED38CD7-806E-4B15-A140-39FA431EA84D}.Release|Any CPU.Build.0 = Release|Any CPU
		{DD9F0134-F857-4EED-A215-CAE31E74FBD9}.Debug|Any CPU.ActiveCfg = Debug|Any CPU
		{DD9F0134-F857-4EED-A215-CAE31E74FBD9}.Debug|Any CPU.Build.0 = Debug|Any CPU
		{DD9F0134-F857-4EED-A215-CAE31E74FBD9}.Release|Any CPU.ActiveCfg = Release|Any CPU
		{DD9F0134-F857-4EED-A215-CAE31E74FBD9}.Release|Any CPU.Build.0 = Release|Any CPU
		{54AE3049-E96D-4670-BF6A-47883375A42D}.Debug|Any CPU.ActiveCfg = Debug|Any CPU
		{54AE3049-E96D-4670-BF6A-47883375A42D}.Debug|Any CPU.Build.0 = Debug|Any CPU
		{54AE3049-E96D-4670-BF6A-47883375A42D}.Release|Any CPU.ActiveCfg = Release|Any CPU
		{54AE3049-E96D-4670-BF6A-47883375A42D}.Release|Any CPU.Build.0 = Release|Any CPU
	EndGlobalSection
	GlobalSection(SolutionProperties) = preSolution
		HideSolutionNode = FALSE
	EndGlobalSection
	GlobalSection(ExtensibilityGlobals) = postSolution
		SolutionGuid = {90A93415-0303-4865-8B8B-4D7031A6C58B}
	EndGlobalSection
EndGlobal
